
Microsoft Visual Studio Solution File, Format Version 11.00
# Visual Studio 2010
Project("{8BC9CEB8-8B4A-11D0-8D11-00A0C91BC942}") = "HandleLeak", "HandleLeak\HandleLeak.vcxproj", "{48901772-4F0A-49F1-AC3D-1EAC54A96916}"
EndProject
Global
	GlobalSection(SolutionConfigurationPlatforms) = preSolution
		Debug|Win32 = Debug|Win32
		Release|Win32 = Release|Win32
	EndGlobalSection
	GlobalSection(ProjectConfigurationPlatforms) = postSolution
		{48901772-4F0A-49F1-AC3D-1EAC54A96916}.Debug|Win32.ActiveCfg = Debug|Win32
		{48901772-4F0A-49F1-AC3D-1EAC54A96916}.Debug|Win32.Build.0 = Debug|Win32
		{48901772-4F0A-49F1-AC3D-1EAC54A96916}.Release|Win32.ActiveCfg = Release|Win32
		{48901772-4F0A-49F1-AC3D-1EAC54A96916}.Release|Win32.Build.0 = Release|Win32
	EndGlobalSection
	GlobalSection(SolutionProperties) = preSolution
		HideSolutionNode = FALSE
	EndGlobalSection
EndGlobal
